// !$*UTF8*$!
{
	archiveVersion = 1;
	classes = {
	};
	objectVersion = 46;
	objects = {

/* Begin PBXBuildFile section */
		2638C85E15B2BDEC00813E92 /* Foundation.framework in Frameworks */ = {isa = PBXBuildFile; fileRef = 2638C85D15B2BDEC00813E92 /* Foundation.framework */; };
		2638C86415B2BDEC00813E92 /* RSAESCryptor.m in Sources */ = {isa = PBXBuildFile; fileRef = 2638C86315B2BDEC00813E92 /* RSAESCryptor.m */; };
		2638C86C15B2BDEC00813E92 /* SenTestingKit.framework in Frameworks */ = {isa = PBXBuildFile; fileRef = 2638C86B15B2BDEC00813E92 /* SenTestingKit.framework */; };
		2638C86E15B2BDEC00813E92 /* UIKit.framework in Frameworks */ = {isa = PBXBuildFile; fileRef = 2638C86D15B2BDEC00813E92 /* UIKit.framework */; };
		2638C86F15B2BDEC00813E92 /* Foundation.framework in Frameworks */ = {isa = PBXBuildFile; fileRef = 2638C85D15B2BDEC00813E92 /* Foundation.framework */; };
		2638C87215B2BDEC00813E92 /* libRSAESCryptor.a in Frameworks */ = {isa = PBXBuildFile; fileRef = 2638C85A15B2BDEC00813E92 /* libRSAESCryptor.a */; };
		2638C87815B2BDEC00813E92 /* InfoPlist.strings in Resources */ = {isa = PBXBuildFile; fileRef = 2638C87615B2BDEC00813E92 /* InfoPlist.strings */; };
		2638C87B15B2BDEC00813E92 /* RSAESCryptorTests.m in Sources */ = {isa = PBXBuildFile; fileRef = 2638C87A15B2BDEC00813E92 /* RSAESCryptorTests.m */; };
		2638C88915B2C15200813E92 /* NSData+Base64.h in Headers */ = {isa = PBXBuildFile; fileRef = 2638C88515B2C15200813E92 /* NSData+Base64.h */; };
		2638C88A15B2C15200813E92 /* NSData+Base64.m in Sources */ = {isa = PBXBuildFile; fileRef = 2638C88615B2C15200813E92 /* NSData+Base64.m */; };
		2638C88B15B2C15200813E92 /* NSString+Base64.h in Headers */ = {isa = PBXBuildFile; fileRef = 2638C88715B2C15200813E92 /* NSString+Base64.h */; };
		2638C88C15B2C15200813E92 /* NSString+Base64.m in Sources */ = {isa = PBXBuildFile; fileRef = 2638C88815B2C15200813E92 /* NSString+Base64.m */; };
		2638C89015B2C16100813E92 /* NSData+CommonCrypto.h in Headers */ = {isa = PBXBuildFile; fileRef = 2638C88E15B2C16100813E92 /* NSData+CommonCrypto.h */; };
		2638C89115B2C16100813E92 /* NSData+CommonCrypto.m in Sources */ = {isa = PBXBuildFile; fileRef = 2638C88F15B2C16100813E92 /* NSData+CommonCrypto.m */; };
/* End PBXBuildFile section */

/* Begin PBXContainerItemProxy section */
		2638C87015B2BDEC00813E92 /* PBXContainerItemProxy */ = {
			isa = PBXContainerItemProxy;
			containerPortal = 2638C85115B2BDEC00813E92 /* Project object */;
			proxyType = 1;
			remoteGlobalIDString = 2638C85915B2BDEC00813E92;
			remoteInfo = RSAESCryptor;
		};
/* End PBXContainerItemProxy section */

/* Begin PBXFileReference section */
		2638C85A15B2BDEC00813E92 /* libRSAESCryptor.a */ = {isa = PBXFileReference; explicitFileType = archive.ar; includeInIndex = 0; path = libRSAESCryptor.a; sourceTree = BUILT_PRODUCTS_DIR; };
		2638C85D15B2BDEC00813E92 /* Foundation.framework */ = {isa = PBXFileReference; lastKnownFileType = wrapper.framework; name = Foundation.framework; path = System/Library/Frameworks/Foundation.framework; sourceTree = SDKROOT; };
		2638C86115B2BDEC00813E92 /* RSAESCryptor-Prefix.pch */ = {isa = PBXFileReference; lastKnownFileType = sourcecode.c.h; path = "RSAESCryptor-Prefix.pch"; sourceTree = "<group>"; };
		2638C86215B2BDEC00813E92 /* RSAESCryptor.h */ = {isa = PBXFileReference; lastKnownFileType = sourcecode.c.h; path = RSAESCryptor.h; sourceTree = "<group>"; };
		2638C86315B2BDEC00813E92 /* RSAESCryptor.m */ = {isa = PBXFileReference; lastKnownFileType = sourcecode.c.objc; path = RSAESCryptor.m; sourceTree = "<group>"; };
		2638C86A15B2BDEC00813E92 /* RSAESCryptorTests.octest */ = {isa = PBXFileReference; explicitFileType = wrapper.cfbundle; includeInIndex = 0; path = RSAESCryptorTests.octest; sourceTree = BUILT_PRODUCTS_DIR; };
		2638C86B15B2BDEC00813E92 /* SenTestingKit.framework */ = {isa = PBXFileReference; lastKnownFileType = wrapper.framework; name = SenTestingKit.framework; path = Library/Frameworks/SenTestingKit.framework; sourceTree = DEVELOPER_DIR; };
		2638C86D15B2BDEC00813E92 /* UIKit.framework */ = {isa = PBXFileReference; lastKnownFileType = wrapper.framework; name = UIKit.framework; path = Library/Frameworks/UIKit.framework; sourceTree = DEVELOPER_DIR; };
		2638C87515B2BDEC00813E92 /* RSAESCryptorTests-Info.plist */ = {isa = PBXFileReference; lastKnownFileType = text.plist.xml; path = "RSAESCryptorTests-Info.plist"; sourceTree = "<group>"; };
		2638C87715B2BDEC00813E92 /* en */ = {isa = PBXFileReference; lastKnownFileType = text.plist.strings; name = en; path = en.lproj/InfoPlist.strings; sourceTree = "<group>"; };
		2638C87915B2BDEC00813E92 /* RSAESCryptorTests.h */ = {isa = PBXFileReference; lastKnownFileType = sourcecode.c.h; path = RSAESCryptorTests.h; sourceTree = "<group>"; };
		2638C87A15B2BDEC00813E92 /* RSAESCryptorTests.m */ = {isa = PBXFileReference; lastKnownFileType = sourcecode.c.objc; path = RSAESCryptorTests.m; sourceTree = "<group>"; };
		2638C88515B2C15200813E92 /* NSData+Base64.h */ = {isa = PBXFileReference; fileEncoding = 4; lastKnownFileType = sourcecode.c.h; path = "NSData+Base64.h"; sourceTree = "<group>"; };
		2638C88615B2C15200813E92 /* NSData+Base64.m */ = {isa = PBXFileReference; fileEncoding = 4; lastKnownFileType = sourcecode.c.objc; path = "NSData+Base64.m"; sourceTree = "<group>"; };
		2638C88715B2C15200813E92 /* NSString+Base64.h */ = {isa = PBXFileReference; fileEncoding = 4; lastKnownFileType = sourcecode.c.h; path = "NSString+Base64.h"; sourceTree = "<group>"; };
		2638C88815B2C15200813E92 /* NSString+Base64.m */ = {isa = PBXFileReference; fileEncoding = 4; lastKnownFileType = sourcecode.c.objc; path = "NSString+Base64.m"; sourceTree = "<group>"; };
		2638C88E15B2C16100813E92 /* NSData+CommonCrypto.h */ = {isa = PBXFileReference; fileEncoding = 4; lastKnownFileType = sourcecode.c.h; path = "NSData+CommonCrypto.h"; sourceTree = "<group>"; };
		2638C88F15B2C16100813E92 /* NSData+CommonCrypto.m */ = {isa = PBXFileReference; fileEncoding = 4; lastKnownFileType = sourcecode.c.objc; path = "NSData+CommonCrypto.m"; sourceTree = "<group>"; };
/* End PBXFileReference section */

/* Begin PBXFrameworksBuildPhase section */
		2638C85715B2BDEC00813E92 /* Frameworks */ = {
			isa = PBXFrameworksBuildPhase;
			buildActionMask = 2147483647;
			files = (
				2638C85E15B2BDEC00813E92 /* Foundation.framework in Frameworks */,
			);
			runOnlyForDeploymentPostprocessing = 0;
		};
		2638C86615B2BDEC00813E92 /* Frameworks */ = {
			isa = PBXFrameworksBuildPhase;
			buildActionMask = 2147483647;
			files = (
				2638C86C15B2BDEC00813E92 /* SenTestingKit.framework in Frameworks */,
				2638C86E15B2BDEC00813E92 /* UIKit.framework in Frameworks */,
				2638C86F15B2BDEC00813E92 /* Foundation.framework in Frameworks */,
				2638C87215B2BDEC00813E92 /* libRSAESCryptor.a in Frameworks */,
			);
			runOnlyForDeploymentPostprocessing = 0;
		};
/* End PBXFrameworksBuildPhase section */

/* Begin PBXGroup section */
		2638C84F15B2BDEC00813E92 = {
			isa = PBXGroup;
			children = (
				2638C85F15B2BDEC00813E92 /* RSAESCryptor */,
				2638C87315B2BDEC00813E92 /* RSAESCryptorTests */,
				2638C85C15B2BDEC00813E92 /* Frameworks */,
				2638C85B15B2BDEC00813E92 /* Products */,
			);
			sourceTree = "<group>";
		};
		2638C85B15B2BDEC00813E92 /* Products */ = {
			isa = PBXGroup;
			children = (
				2638C85A15B2BDEC00813E92 /* libRSAESCryptor.a */,
				2638C86A15B2BDEC00813E92 /* RSAESCryptorTests.octest */,
			);
			name = Products;
			sourceTree = "<group>";
		};
		2638C85C15B2BDEC00813E92 /* Frameworks */ = {
			isa = PBXGroup;
			children = (
				2638C85D15B2BDEC00813E92 /* Foundation.framework */,
				2638C86B15B2BDEC00813E92 /* SenTestingKit.framework */,
				2638C86D15B2BDEC00813E92 /* UIKit.framework */,
			);
			name = Frameworks;
			sourceTree = "<group>";
		};
		2638C85F15B2BDEC00813E92 /* RSAESCryptor */ = {
			isa = PBXGroup;
			children = (
				2638C88D15B2C16100813E92 /* CommonCrypto */,
				2638C88415B2C15200813E92 /* Base64 */,
				2638C86215B2BDEC00813E92 /* RSAESCryptor.h */,
				2638C86315B2BDEC00813E92 /* RSAESCryptor.m */,
				2638C86015B2BDEC00813E92 /* Supporting Files */,
			);
			path = RSAESCryptor;
			sourceTree = "<group>";
		};
		2638C86015B2BDEC00813E92 /* Supporting Files */ = {
			isa = PBXGroup;
			children = (
				2638C86115B2BDEC00813E92 /* RSAESCryptor-Prefix.pch */,
			);
			name = "Supporting Files";
			sourceTree = "<group>";
		};
		2638C87315B2BDEC00813E92 /* RSAESCryptorTests */ = {
			isa = PBXGroup;
			children = (
				2638C87915B2BDEC00813E92 /* RSAESCryptorTests.h */,
				2638C87A15B2BDEC00813E92 /* RSAESCryptorTests.m */,
				2638C87415B2BDEC00813E92 /* Supporting Files */,
			);
			path = RSAESCryptorTests;
			sourceTree = "<group>";
		};
		2638C87415B2BDEC00813E92 /* Supporting Files */ = {
			isa = PBXGroup;
			children = (
				2638C87515B2BDEC00813E92 /* RSAESCryptorTests-Info.plist */,
				2638C87615B2BDEC00813E92 /* InfoPlist.strings */,
			);
			name = "Supporting Files";
			sourceTree = "<group>";
		};
		2638C88415B2C15200813E92 /* Base64 */ = {
			isa = PBXGroup;
			children = (
				2638C88515B2C15200813E92 /* NSData+Base64.h */,
				2638C88615B2C15200813E92 /* NSData+Base64.m */,
				2638C88715B2C15200813E92 /* NSString+Base64.h */,
				2638C88815B2C15200813E92 /* NSString+Base64.m */,
			);
			path = Base64;
			sourceTree = "<group>";
		};
		2638C88D15B2C16100813E92 /* CommonCrypto */ = {
			isa = PBXGroup;
			children = (
				2638C88E15B2C16100813E92 /* NSData+CommonCrypto.h */,
				2638C88F15B2C16100813E92 /* NSData+CommonCrypto.m */,
			);
			path = CommonCrypto;
			sourceTree = "<group>";
		};
/* End PBXGroup section */

/* Begin PBXHeadersBuildPhase section */
		2638C85815B2BDEC00813E92 /* Headers */ = {
			isa = PBXHeadersBuildPhase;
			buildActionMask = 2147483647;
			files = (
				2638C88915B2C15200813E92 /* NSData+Base64.h in Headers */,
				2638C88B15B2C15200813E92 /* NSString+Base64.h in Headers */,
				2638C89015B2C16100813E92 /* NSData+CommonCrypto.h in Headers */,
			);
			runOnlyForDeploymentPostprocessing = 0;
		};
/* End PBXHeadersBuildPhase section */

/* Begin PBXNativeTarget section */
		2638C85915B2BDEC00813E92 /* RSAESCryptor */ = {
			isa = PBXNativeTarget;
			buildConfigurationList = 2638C87E15B2BDEC00813E92 /* Build configuration list for PBXNativeTarget "RSAESCryptor" */;
			buildPhases = (
				2638C85615B2BDEC00813E92 /* Sources */,
				2638C85715B2BDEC00813E92 /* Frameworks */,
				2638C85815B2BDEC00813E92 /* Headers */,
			);
			buildRules = (
			);
			dependencies = (
			);
			name = RSAESCryptor;
			productName = RSAESCryptor;
			productReference = 2638C85A15B2BDEC00813E92 /* libRSAESCryptor.a */;
			productType = "com.apple.product-type.library.static";
		};
		2638C86915B2BDEC00813E92 /* RSAESCryptorTests */ = {
			isa = PBXNativeTarget;
			buildConfigurationList = 2638C88115B2BDEC00813E92 /* Build configuration list for PBXNativeTarget "RSAESCryptorTests" */;
			buildPhases = (
				2638C86515B2BDEC00813E92 /* Sources */,
				2638C86615B2BDEC00813E92 /* Frameworks */,
				2638C86715B2BDEC00813E92 /* Resources */,
				2638C86815B2BDEC00813E92 /* ShellScript */,
			);
			buildRules = (
			);
			dependencies = (
				2638C87115B2BDEC00813E92 /* PBXTargetDependency */,
			);
			name = RSAESCryptorTests;
			productName = RSAESCryptorTests;
			productReference = 2638C86A15B2BDEC00813E92 /* RSAESCryptorTests.octest */;
			productType = "com.apple.product-type.bundle";
		};
/* End PBXNativeTarget section */

/* Begin PBXProject section */
		2638C85115B2BDEC00813E92 /* Project object */ = {
			isa = PBXProject;
			attributes = {
				LastUpgradeCheck = 0430;
				ORGANIZATIONNAME = Learningtech;
			};
			buildConfigurationList = 2638C85415B2BDEC00813E92 /* Build configuration list for PBXProject "RSAESCryptor" */;
			compatibilityVersion = "Xcode 3.2";
			developmentRegion = English;
			hasScannedForEncodings = 0;
			knownRegions = (
				en,
			);
			mainGroup = 2638C84F15B2BDEC00813E92;
			productRefGroup = 2638C85B15B2BDEC00813E92 /* Products */;
			projectDirPath = "";
			projectRoot = "";
			targets = (
				2638C85915B2BDEC00813E92 /* RSAESCryptor */,
				2638C86915B2BDEC00813E92 /* RSAESCryptorTests */,
			);
		};
/* End PBXProject section */

/* Begin PBXResourcesBuildPhase section */
		2638C86715B2BDEC00813E92 /* Resources */ = {
			isa = PBXResourcesBuildPhase;
			buildActionMask = 2147483647;
			files = (
				2638C87815B2BDEC00813E92 /* InfoPlist.strings in Resources */,
			);
			runOnlyForDeploymentPostprocessing = 0;
		};
/* End PBXResourcesBuildPhase section */

/* Begin PBXShellScriptBuildPhase section */
		2638C86815B2BDEC00813E92 /* ShellScript */ = {
			isa = PBXShellScriptBuildPhase;
			buildActionMask = 2147483647;
			files = (
			);
			inputPaths = (
			);
			outputPaths = (
			);
			runOnlyForDeploymentPostprocessing = 0;
			shellPath = /bin/sh;
			shellScript = "# Run the unit tests in this test bundle.\n\"${SYSTEM_DEVELOPER_DIR}/Tools/RunUnitTests\"\n";
		};
/* End PBXShellScriptBuildPhase section */

/* Begin PBXSourcesBuildPhase section */
		2638C85615B2BDEC00813E92 /* Sources */ = {
			isa = PBXSourcesBuildPhase;
			buildActionMask = 2147483647;
			files = (
				2638C86415B2BDEC00813E92 /* RSAESCryptor.m in Sources */,
				2638C88A15B2C15200813E92 /* NSData+Base64.m in Sources */,
				2638C88C15B2C15200813E92 /* NSString+Base64.m in Sources */,
				2638C89115B2C16100813E92 /* NSData+CommonCrypto.m in Sources */,
			);
			runOnlyForDeploymentPostprocessing = 0;
		};
		2638C86515B2BDEC00813E92 /* Sources */ = {
			isa = PBXSourcesBuildPhase;
			buildActionMask = 2147483647;
			files = (
				2638C87B15B2BDEC00813E92 /* RSAESCryptorTests.m in Sources */,
			);
			runOnlyForDeploymentPostprocessing = 0;
		};
/* End PBXSourcesBuildPhase section */

/* Begin PBXTargetDependency section */
		2638C87115B2BDEC00813E92 /* PBXTargetDependency */ = {
			isa = PBXTargetDependency;
			target = 2638C85915B2BDEC00813E92 /* RSAESCryptor */;
			targetProxy = 2638C87015B2BDEC00813E92 /* PBXContainerItemProxy */;
		};
/* End PBXTargetDependency section */

/* Begin PBXVariantGroup section */
		2638C87615B2BDEC00813E92 /* InfoPlist.strings */ = {
			isa = PBXVariantGroup;
			children = (
				2638C87715B2BDEC00813E92 /* en */,
			);
			name = InfoPlist.strings;
			sourceTree = "<group>";
		};
/* End PBXVariantGroup section */

/* Begin XCBuildConfiguration section */
		2638C87C15B2BDEC00813E92 /* Debug */ = {
			isa = XCBuildConfiguration;
			buildSettings = {
				ALWAYS_SEARCH_USER_PATHS = NO;
				ARCHS = "$(ARCHS_STANDARD_32_BIT)";
				CLANG_ENABLE_OBJC_ARC = YES;
				COPY_PHASE_STRIP = NO;
				GCC_C_LANGUAGE_STANDARD = gnu99;
				GCC_DYNAMIC_NO_PIC = NO;
				GCC_OPTIMIZATION_LEVEL = 0;
				GCC_PREPROCESSOR_DEFINITIONS = (
					"DEBUG=1",
					"$(inherited)",
				);
				GCC_SYMBOLS_PRIVATE_EXTERN = NO;
				GCC_VERSION = com.apple.compilers.llvm.clang.1_0;
				GCC_WARN_ABOUT_RETURN_TYPE = YES;
				GCC_WARN_UNINITIALIZED_AUTOS = YES;
				GCC_WARN_UNUSED_VARIABLE = YES;
				IPHONEOS_DEPLOYMENT_TARGET = 5.1;
				SDKROOT = iphoneos;
			};
			name = Debug;
		};
		2638C87D15B2BDEC00813E92 /* Release */ = {
			isa = XCBuildConfiguration;
			buildSettings = {
				ALWAYS_SEARCH_USER_PATHS = NO;
				ARCHS = "$(ARCHS_STANDARD_32_BIT)";
				CLANG_ENABLE_OBJC_ARC = YES;
				COPY_PHASE_STRIP = YES;
				GCC_C_LANGUAGE_STANDARD = gnu99;
				GCC_VERSION = com.apple.compilers.llvm.clang.1_0;
				GCC_WARN_ABOUT_RETURN_TYPE = YES;
				GCC_WARN_UNINITIALIZED_AUTOS = YES;
				GCC_WARN_UNUSED_VARIABLE = YES;
				IPHONEOS_DEPLOYMENT_TARGET = 5.1;
				SDKROOT = iphoneos;
				VALIDATE_PRODUCT = YES;
			};
			name = Release;
		};
		2638C87F15B2BDEC00813E92 /* Debug */ = {
			isa = XCBuildConfiguration;
			buildSettings = {
				DSTROOT = /tmp/RSAESCryptor.dst;
				GCC_PRECOMPILE_PREFIX_HEADER = YES;
				GCC_PREFIX_HEADER = "RSAESCryptor/RSAESCryptor-Prefix.pch";
				OTHER_LDFLAGS = "-ObjC";
				PRODUCT_NAME = "$(TARGET_NAME)";
				SKIP_INSTALL = YES;
			};
			name = Debug;
		};
		2638C88015B2BDEC00813E92 /* Release */ = {
			isa = XCBuildConfiguration;
			buildSettings = {
				DSTROOT = /tmp/RSAESCryptor.dst;
				GCC_PRECOMPILE_PREFIX_HEADER = YES;
				GCC_PREFIX_HEADER = "RSAESCryptor/RSAESCryptor-Prefix.pch";
				OTHER_LDFLAGS = "-ObjC";
				PRODUCT_NAME = "$(TARGET_NAME)";
				SKIP_INSTALL = YES;
			};
			name = Release;
		};
		2638C88215B2BDEC00813E92 /* Debug */ = {
			isa = XCBuildConfiguration;
			buildSettings = {
				FRAMEWORK_SEARCH_PATHS = (
					"$(SDKROOT)/Developer/Library/Frameworks",
					"$(DEVELOPER_LIBRARY_DIR)/Frameworks",
				);
				GCC_PRECOMPILE_PREFIX_HEADER = YES;
				GCC_PREFIX_HEADER = "RSAESCryptor/RSAESCryptor-Prefix.pch";
				INFOPLIST_FILE = "RSAESCryptorTests/RSAESCryptorTests-Info.plist";
				PRODUCT_NAME = "$(TARGET_NAME)";
				WRAPPER_EXTENSION = octest;
			};
			name = Debug;
		};
		2638C88315B2BDEC00813E92 /* Release */ = {
			isa = XCBuildConfiguration;
			buildSettings = {
				FRAMEWORK_SEARCH_PATHS = (
					"$(SDKROOT)/Developer/Library/Frameworks",
					"$(DEVELOPER_LIBRARY_DIR)/Frameworks",
				);
				GCC_PRECOMPILE_PREFIX_HEADER = YES;
				GCC_PREFIX_HEADER = "RSAESCryptor/RSAESCryptor-Prefix.pch";
				INFOPLIST_FILE = "RSAESCryptorTests/RSAESCryptorTests-Info.plist";
				PRODUCT_NAME = "$(TARGET_NAME)";
				WRAPPER_EXTENSION = octest;
			};
			name = Release;
		};
/* End XCBuildConfiguration section */

/* Begin XCConfigurationList section */
		2638C85415B2BDEC00813E92 /* Build configuration list for PBXProject "RSAESCryptor" */ = {
			isa = XCConfigurationList;
			buildConfigurations = (
				2638C87C15B2BDEC00813E92 /* Debug */,
				2638C87D15B2BDEC00813E92 /* Release */,
			);
			defaultConfigurationIsVisible = 0;
			defaultConfigurationName = Release;
		};
		2638C87E15B2BDEC00813E92 /* Build configuration list for PBXNativeTarget "RSAESCryptor" */ = {
			isa = XCConfigurationList;
			buildConfigurations = (
				2638C87F15B2BDEC00813E92 /* Debug */,
				2638C88015B2BDEC00813E92 /* Release */,
			);
			defaultConfigurationIsVisible = 0;
		};
		2638C88115B2BDEC00813E92 /* Build configuration list for PBXNativeTarget "RSAESCryptorTests" */ = {
			isa = XCConfigurationList;
			buildConfigurations = (
				2638C88215B2BDEC00813E92 /* Debug */,
				2638C88315B2BDEC00813E92 /* Release */,
			);
			defaultConfigurationIsVisible = 0;
		};
/* End XCConfigurationList section */
	};
	rootObject = 2638C85115B2BDEC00813E92 /* Project object */;
}
